version: 4
environments:
  default:
    channels:
    - url: https://conda.anaconda.org/conda-forge/
    packages:
      linux-64:
      - conda: https://conda.anaconda.org/conda-forge/linux-64/_libgcc_mutex-0.1-conda_forge.tar.bz2
      - conda: https://conda.anaconda.org/conda-forge/linux-64/_openmp_mutex-4.5-2_gnu.tar.bz2
      - conda: https://conda.anaconda.org/conda-forge/linux-64/brotli-python-1.1.0-py312h30efb56_1.conda
      - conda: https://conda.anaconda.org/conda-forge/linux-64/bzip2-1.0.8-hd590300_5.conda
      - conda: https://conda.anaconda.org/conda-forge/linux-64/ca-certificates-2024.2.2-hbcca054_0.conda
      - conda: https://conda.anaconda.org/conda-forge/noarch/cachecontrol-0.14.0-pyhd8ed1ab_0.conda
      - conda: https://conda.anaconda.org/conda-forge/noarch/cachecontrol-with-filecache-0.14.0-pyhd8ed1ab_0.conda
      - conda: https://conda.anaconda.org/conda-forge/noarch/certifi-2024.2.2-pyhd8ed1ab_0.conda
      - conda: https://conda.anaconda.org/conda-forge/linux-64/cffi-1.16.0-py312hf06ca03_0.conda
      - conda: https://conda.anaconda.org/conda-forge/noarch/charset-normalizer-3.3.2-pyhd8ed1ab_0.conda
      - conda: https://conda.anaconda.org/conda-forge/noarch/cleo-2.1.0-pyhd8ed1ab_0.conda
      - conda: https://conda.anaconda.org/conda-forge/noarch/colorama-0.4.6-pyhd8ed1ab_0.tar.bz2
      - conda: https://conda.anaconda.org/conda-forge/noarch/crashtest-0.4.1-pyhd8ed1ab_0.tar.bz2
      - conda: https://conda.anaconda.org/conda-forge/linux-64/cryptography-42.0.5-py312h241aef2_0.conda
      - conda: https://conda.anaconda.org/conda-forge/linux-64/dbus-1.13.6-h5008d03_3.tar.bz2
      - conda: https://conda.anaconda.org/conda-forge/noarch/distlib-0.3.8-pyhd8ed1ab_0.conda
      - conda: https://conda.anaconda.org/conda-forge/linux-64/dulwich-0.21.7-py312h98912ed_0.conda
      - conda: https://conda.anaconda.org/conda-forge/linux-64/expat-2.6.2-h59595ed_0.conda
      - conda: https://conda.anaconda.org/conda-forge/noarch/filelock-3.14.0-pyhd8ed1ab_0.conda
      - conda: https://conda.anaconda.org/conda-forge/noarch/idna-3.7-pyhd8ed1ab_0.conda
      - conda: https://conda.anaconda.org/conda-forge/noarch/importlib-metadata-7.1.0-pyha770c72_0.conda
      - conda: https://conda.anaconda.org/conda-forge/noarch/jaraco.classes-3.4.0-pyhd8ed1ab_1.conda
      - conda: https://conda.anaconda.org/conda-forge/noarch/jeepney-0.8.0-pyhd8ed1ab_0.tar.bz2
      - conda: https://conda.anaconda.org/conda-forge/linux-64/keyring-24.3.1-py312h7900ff3_0.conda
      - conda: https://conda.anaconda.org/conda-forge/linux-64/ld_impl_linux-64-2.40-h55db66e_0.conda
      - conda: https://conda.anaconda.org/conda-forge/linux-64/libblas-3.9.0-22_linux64_openblas.conda
      - conda: https://conda.anaconda.org/conda-forge/linux-64/libcblas-3.9.0-22_linux64_openblas.conda
      - conda: https://conda.anaconda.org/conda-forge/linux-64/libexpat-2.6.2-h59595ed_0.conda
      - conda: https://conda.anaconda.org/conda-forge/linux-64/libffi-3.4.2-h7f98852_5.tar.bz2
      - conda: https://conda.anaconda.org/conda-forge/linux-64/libgcc-ng-13.2.0-h77fa898_6.conda
      - conda: https://conda.anaconda.org/conda-forge/linux-64/libgfortran-ng-13.2.0-h69a702a_6.conda
      - conda: https://conda.anaconda.org/conda-forge/linux-64/libgfortran5-13.2.0-h43f5ff8_6.conda
      - conda: https://conda.anaconda.org/conda-forge/linux-64/libglib-2.80.0-hf2295e7_6.conda
      - conda: https://conda.anaconda.org/conda-forge/linux-64/libgomp-13.2.0-h77fa898_6.conda
      - conda: https://conda.anaconda.org/conda-forge/linux-64/libiconv-1.17-hd590300_2.conda
      - conda: https://conda.anaconda.org/conda-forge/linux-64/liblapack-3.9.0-22_linux64_openblas.conda
      - conda: https://conda.anaconda.org/conda-forge/linux-64/libnsl-2.0.1-hd590300_0.conda
      - conda: https://conda.anaconda.org/conda-forge/linux-64/libopenblas-0.3.27-pthreads_h413a1c8_0.conda
      - conda: https://conda.anaconda.org/conda-forge/linux-64/libsqlite-3.45.3-h2797004_0.conda
      - conda: https://conda.anaconda.org/conda-forge/linux-64/libstdcxx-ng-13.2.0-hc0a3c3a_6.conda
      - conda: https://conda.anaconda.org/conda-forge/linux-64/libuuid-2.38.1-h0b41bf4_0.conda
      - conda: https://conda.anaconda.org/conda-forge/linux-64/libxcrypt-4.4.36-hd590300_1.conda
      - conda: https://conda.anaconda.org/conda-forge/linux-64/libzlib-1.2.13-hd590300_5.conda
      - conda: https://conda.anaconda.org/conda-forge/noarch/more-itertools-10.2.0-pyhd8ed1ab_0.conda
      - conda: https://conda.anaconda.org/conda-forge/linux-64/msgpack-python-1.0.7-py312h8572e83_0.conda
      - conda: https://conda.anaconda.org/conda-forge/linux-64/ncurses-6.4.20240210-h59595ed_0.conda
      - conda: https://conda.anaconda.org/conda-forge/linux-64/numpy-1.26.4-py312heda63a1_0.conda
      - conda: https://conda.anaconda.org/conda-forge/linux-64/openssl-3.3.0-hd590300_0.conda
      - conda: https://conda.anaconda.org/conda-forge/noarch/packaging-24.0-pyhd8ed1ab_0.conda
      - conda: https://conda.anaconda.org/conda-forge/linux-64/pcre2-10.43-hcad00b1_0.conda
      - conda: https://conda.anaconda.org/conda-forge/noarch/pexpect-4.9.0-pyhd8ed1ab_0.conda
      - conda: https://conda.anaconda.org/conda-forge/noarch/pkginfo-1.10.0-pyhd8ed1ab_0.conda
      - conda: https://conda.anaconda.org/conda-forge/noarch/platformdirs-4.2.1-pyhd8ed1ab_0.conda
      - conda: https://conda.anaconda.org/conda-forge/noarch/poetry-1.8.2-linux_pyha804496_0.conda
      - conda: https://conda.anaconda.org/conda-forge/noarch/poetry-core-1.9.0-pyhd8ed1ab_0.conda
      - conda: https://conda.anaconda.org/conda-forge/noarch/poetry-plugin-export-1.7.1-pyhd8ed1ab_1.conda
      - conda: https://conda.anaconda.org/conda-forge/noarch/ptyprocess-0.7.0-pyhd3deb0d_0.tar.bz2
      - conda: https://conda.anaconda.org/conda-forge/noarch/pycparser-2.22-pyhd8ed1ab_0.conda
      - conda: https://conda.anaconda.org/conda-forge/noarch/pyproject_hooks-1.1.0-pyhd8ed1ab_0.conda
      - conda: https://conda.anaconda.org/conda-forge/noarch/pysocks-1.7.1-pyha2e5f31_6.tar.bz2
      - conda: https://conda.anaconda.org/conda-forge/linux-64/python-3.12.3-hab00c5b_0_cpython.conda
      - conda: https://conda.anaconda.org/conda-forge/noarch/python-build-1.2.1-pyhd8ed1ab_0.conda
      - conda: https://conda.anaconda.org/conda-forge/noarch/python-fastjsonschema-2.19.1-pyhd8ed1ab_0.conda
      - conda: https://conda.anaconda.org/conda-forge/noarch/python-installer-0.7.0-pyhd8ed1ab_0.conda
      - conda: https://conda.anaconda.org/conda-forge/linux-64/python_abi-3.12-4_cp312.conda
      - conda: https://conda.anaconda.org/conda-forge/linux-64/rapidfuzz-3.9.0-py312h7070661_0.conda
      - conda: https://conda.anaconda.org/conda-forge/linux-64/readline-8.2-h8228510_1.conda
      - conda: https://conda.anaconda.org/conda-forge/noarch/requests-2.31.0-pyhd8ed1ab_0.conda
      - conda: https://conda.anaconda.org/conda-forge/noarch/requests-toolbelt-1.0.0-pyhd8ed1ab_0.conda
      - conda: https://conda.anaconda.org/conda-forge/linux-64/secretstorage-3.3.3-py312h7900ff3_2.conda
      - conda: https://conda.anaconda.org/conda-forge/noarch/shellingham-1.5.4-pyhd8ed1ab_0.conda
      - conda: https://conda.anaconda.org/conda-forge/linux-64/tk-8.6.13-noxft_h4845f30_101.conda
      - conda: https://conda.anaconda.org/conda-forge/noarch/tomli-2.0.1-pyhd8ed1ab_0.tar.bz2
      - conda: https://conda.anaconda.org/conda-forge/noarch/tomlkit-0.12.4-pyha770c72_0.conda
      - conda: https://conda.anaconda.org/conda-forge/noarch/trove-classifiers-2024.4.10-pyhd8ed1ab_0.conda
      - conda: https://conda.anaconda.org/conda-forge/noarch/tzdata-2024a-h0c530f3_0.conda
      - conda: https://conda.anaconda.org/conda-forge/noarch/urllib3-2.2.1-pyhd8ed1ab_0.conda
      - conda: https://conda.anaconda.org/conda-forge/noarch/virtualenv-20.26.1-pyhd8ed1ab_0.conda
      - conda: https://conda.anaconda.org/conda-forge/linux-64/xz-5.2.6-h166bdaf_0.tar.bz2
      - conda: https://conda.anaconda.org/conda-forge/noarch/zipp-3.17.0-pyhd8ed1ab_0.conda
      - pypi: https://files.pythonhosted.org/packages/01/f3/936e209267d6ef7510322191003885de524fc48d1b43269810cd589ceaf5/typing_extensions-4.11.0-py3-none-any.whl
      - pypi: .
packages:
- kind: conda
  name: _libgcc_mutex
  version: '0.1'
  build: conda_forge
  subdir: linux-64
  url: https://conda.anaconda.org/conda-forge/linux-64/_libgcc_mutex-0.1-conda_forge.tar.bz2
  sha256: fe51de6107f9edc7aa4f786a70f4a883943bc9d39b3bb7307c04c41410990726
  md5: d7c89558ba9fa0495403155b64376d81
  license: None
  size: 2562
  timestamp: 1578324546067
- kind: conda
  name: _openmp_mutex
  version: '4.5'
  build: 2_gnu
  build_number: 16
  subdir: linux-64
  url: https://conda.anaconda.org/conda-forge/linux-64/_openmp_mutex-4.5-2_gnu.tar.bz2
  sha256: fbe2c5e56a653bebb982eda4876a9178aedfc2b545f25d0ce9c4c0b508253d22
  md5: 73aaf86a425cc6e73fcf236a5a46396d
  depends:
  - _libgcc_mutex 0.1 conda_forge
  - libgomp >=7.5.0
  constrains:
  - openmp_impl 9999
  license: BSD-3-Clause
  license_family: BSD
  size: 23621
  timestamp: 1650670423406
- kind: conda
  name: brotli-python
  version: 1.1.0
  build: py312h30efb56_1
  build_number: 1
  subdir: linux-64
  url: https://conda.anaconda.org/conda-forge/linux-64/brotli-python-1.1.0-py312h30efb56_1.conda
  sha256: b68706698b6ac0d31196a8bcb061f0d1f35264bcd967ea45e03e108149a74c6f
  md5: 45801a89533d3336a365284d93298e36
  depends:
  - libgcc-ng >=12
  - libstdcxx-ng >=12
  - python >=3.12.0rc3,<3.13.0a0
  - python_abi 3.12.* *_cp312
  constrains:
  - libbrotlicommon 1.1.0 hd590300_1
  license: MIT
  license_family: MIT
  purls:
  - pkg:pypi/brotli
  size: 350604
  timestamp: 1695990206327
- kind: conda
  name: bzip2
  version: 1.0.8
  build: hd590300_5
  build_number: 5
  subdir: linux-64
  url: https://conda.anaconda.org/conda-forge/linux-64/bzip2-1.0.8-hd590300_5.conda
  sha256: 242c0c324507ee172c0e0dd2045814e746bb303d1eb78870d182ceb0abc726a8
  md5: 69b8b6202a07720f448be700e300ccf4
  depends:
  - libgcc-ng >=12
  license: bzip2-1.0.6
  license_family: BSD
  size: 254228
  timestamp: 1699279927352
- kind: conda
  name: ca-certificates
  version: 2024.2.2
  build: hbcca054_0
  subdir: linux-64
  url: https://conda.anaconda.org/conda-forge/linux-64/ca-certificates-2024.2.2-hbcca054_0.conda
  sha256: 91d81bfecdbb142c15066df70cc952590ae8991670198f92c66b62019b251aeb
  md5: 2f4327a1cbe7f022401b236e915a5fef
  license: ISC
  size: 155432
  timestamp: 1706843687645
- kind: conda
  name: cachecontrol
  version: 0.14.0
  build: pyhd8ed1ab_0
  subdir: noarch
  noarch: python
  url: https://conda.anaconda.org/conda-forge/noarch/cachecontrol-0.14.0-pyhd8ed1ab_0.conda
  sha256: 3318732d60456c5ecc0db14a7343a320ea88e05ae168aea4164d7f9ec7907142
  md5: a661c39e223bf3038b38126b0bbf43d9
  depends:
  - msgpack-python >=0.5.2
  - python >=3.7
  - requests >=2.16.0
  license: Apache-2.0
  license_family: Apache
  purls:
  - pkg:pypi/cachecontrol
  size: 23734
  timestamp: 1706895342952
- kind: conda
  name: cachecontrol-with-filecache
  version: 0.14.0
  build: pyhd8ed1ab_0
  subdir: noarch
  noarch: python
  url: https://conda.anaconda.org/conda-forge/noarch/cachecontrol-with-filecache-0.14.0-pyhd8ed1ab_0.conda
  sha256: 89a9061aafc28c0e0e2db49a5b99e99797ed3a7127c31deda0cceb4696ae627f
  md5: 4c08fa6e7d1d3f124ad815e21b2210e9
  depends:
  - cachecontrol 0.14.0 pyhd8ed1ab_0
  - filelock >=3.8.0
  - python >=3.7
  license: Apache-2.0
  license_family: Apache
  size: 6724
  timestamp: 1706895358334
- kind: conda
  name: certifi
  version: 2024.2.2
  build: pyhd8ed1ab_0
  subdir: noarch
  noarch: python
  url: https://conda.anaconda.org/conda-forge/noarch/certifi-2024.2.2-pyhd8ed1ab_0.conda
  sha256: f1faca020f988696e6b6ee47c82524c7806380b37cfdd1def32f92c326caca54
  md5: 0876280e409658fc6f9e75d035960333
  depends:
  - python >=3.7
  license: ISC
  purls:
  - pkg:pypi/certifi
  size: 160559
  timestamp: 1707022289175
- kind: conda
  name: cffi
  version: 1.16.0
  build: py312hf06ca03_0
  subdir: linux-64
  url: https://conda.anaconda.org/conda-forge/linux-64/cffi-1.16.0-py312hf06ca03_0.conda
  sha256: 5a36e2c254603c367d26378fa3a205bd92263e30acf195f488749562b4c44251
  md5: 56b0ca764ce23cc54f3f7e2a7b970f6d
  depends:
  - libffi >=3.4,<4.0a0
  - libgcc-ng >=12
  - pycparser
  - python >=3.12.0rc3,<3.13.0a0
  - python_abi 3.12.* *_cp312
  license: MIT
  license_family: MIT
  purls:
  - pkg:pypi/cffi
  size: 294523
  timestamp: 1696001868949
- kind: conda
  name: charset-normalizer
  version: 3.3.2
  build: pyhd8ed1ab_0
  subdir: noarch
  noarch: python
  url: https://conda.anaconda.org/conda-forge/noarch/charset-normalizer-3.3.2-pyhd8ed1ab_0.conda
  sha256: 20cae47d31fdd58d99c4d2e65fbdcefa0b0de0c84e455ba9d6356a4bdbc4b5b9
  md5: 7f4a9e3fcff3f6356ae99244a014da6a
  depends:
  - python >=3.7
  license: MIT
  license_family: MIT
  purls:
  - pkg:pypi/charset-normalizer
  size: 46597
  timestamp: 1698833765762
- kind: conda
  name: cleo
  version: 2.1.0
  build: pyhd8ed1ab_0
  subdir: noarch
  noarch: python
  url: https://conda.anaconda.org/conda-forge/noarch/cleo-2.1.0-pyhd8ed1ab_0.conda
  sha256: eed2d2cb8792b3ae6434ce49bf5fe1ae5d885253f6bd2e56da933c427705fcbc
  md5: 69569ea8a6d1465193345a40421d138b
  depends:
  - crashtest >=0.4.1,<0.5.0
  - python >=3.7,<4.0
  - rapidfuzz >=3.0.0,<4.0.0
  license: MIT
  license_family: MIT
  purls:
  - pkg:pypi/cleo
  size: 61274
  timestamp: 1698693769819
- kind: conda
  name: colorama
  version: 0.4.6
  build: pyhd8ed1ab_0
  subdir: noarch
  noarch: python
  url: https://conda.anaconda.org/conda-forge/noarch/colorama-0.4.6-pyhd8ed1ab_0.tar.bz2
  sha256: 2c1b2e9755ce3102bca8d69e8f26e4f087ece73f50418186aee7c74bef8e1698
  md5: 3faab06a954c2a04039983f2c4a50d99
  depends:
  - python >=3.7
  license: BSD-3-Clause
  license_family: BSD
  purls:
  - pkg:pypi/colorama
  size: 25170
  timestamp: 1666700778190
- kind: conda
  name: crashtest
  version: 0.4.1
  build: pyhd8ed1ab_0
  subdir: noarch
  noarch: python
  url: https://conda.anaconda.org/conda-forge/noarch/crashtest-0.4.1-pyhd8ed1ab_0.tar.bz2
  sha256: 2f05954a3faf0700c14c1deddc085385160ee32abe111699c78d9cb277e915cc
  md5: 709a2295dd907bb34afb57d54320642f
  depends:
  - python >=3.6,<4.0
  license: MIT
  license_family: MIT
  purls:
  - pkg:pypi/crashtest
  size: 10161
  timestamp: 1667467145063
- kind: conda
  name: cryptography
  version: 42.0.5
  build: py312h241aef2_0
  subdir: linux-64
  url: https://conda.anaconda.org/conda-forge/linux-64/cryptography-42.0.5-py312h241aef2_0.conda
  sha256: 5dc135fc6ea57bf94cf32313f91c93f8a4af15133879dd86e6c8c16e4e07c55e
  md5: 0d8c0e4e8c1b2796eaf6770a76a9d1e4
  depends:
  - cffi >=1.12
  - libgcc-ng >=12
  - openssl >=3.2.1,<4.0a0
  - python >=3.12,<3.13.0a0
  - python_abi 3.12.* *_cp312
  license: Apache-2.0 AND BSD-3-Clause AND PSF-2.0 AND MIT
  license_family: BSD
  purls:
  - pkg:pypi/cryptography
  size: 1976047
  timestamp: 1708780611460
- kind: conda
  name: dbus
  version: 1.13.6
  build: h5008d03_3
  build_number: 3
  subdir: linux-64
  url: https://conda.anaconda.org/conda-forge/linux-64/dbus-1.13.6-h5008d03_3.tar.bz2
  sha256: 8f5f995699a2d9dbdd62c61385bfeeb57c82a681a7c8c5313c395aa0ccab68a5
  md5: ecfff944ba3960ecb334b9a2663d708d
  depends:
  - expat >=2.4.2,<3.0a0
  - libgcc-ng >=9.4.0
  - libglib >=2.70.2,<3.0a0
  license: GPL-2.0-or-later
  license_family: GPL
  size: 618596
  timestamp: 1640112124844
- kind: conda
  name: distlib
  version: 0.3.8
  build: pyhd8ed1ab_0
  subdir: noarch
  noarch: python
  url: https://conda.anaconda.org/conda-forge/noarch/distlib-0.3.8-pyhd8ed1ab_0.conda
  sha256: 3ff11acdd5cc2f80227682966916e878e45ced94f59c402efb94911a5774e84e
  md5: db16c66b759a64dc5183d69cc3745a52
  depends:
  - python 2.7|>=3.6
  license: Apache-2.0
  license_family: APACHE
  purls:
  - pkg:pypi/distlib
  size: 274915
  timestamp: 1702383349284
- kind: conda
  name: dulwich
  version: 0.21.7
  build: py312h98912ed_0
  subdir: linux-64
  url: https://conda.anaconda.org/conda-forge/linux-64/dulwich-0.21.7-py312h98912ed_0.conda
  sha256: 404e14e6c7f41a6cf8f2bbe0b6e55d9934f9fa572f0f6937955d15b64080a960
  md5: d9768d62ebbeb330f1b67d8ab4832ff7
  depends:
  - libgcc-ng >=12
  - python >=3.12,<3.13.0a0
  - python_abi 3.12.* *_cp312
  - urllib3 >=1.25
  license: Apache-2.0
  license_family: Apache
  purls:
  - pkg:pypi/dulwich
  size: 943374
  timestamp: 1701831568822
- kind: conda
  name: expat
  version: 2.6.2
  build: h59595ed_0
  subdir: linux-64
  url: https://conda.anaconda.org/conda-forge/linux-64/expat-2.6.2-h59595ed_0.conda
  sha256: 89916c536ae5b85bb8bf0cfa27d751e274ea0911f04e4a928744735c14ef5155
  md5: 53fb86322bdb89496d7579fe3f02fd61
  depends:
  - libexpat 2.6.2 h59595ed_0
  - libgcc-ng >=12
  license: MIT
  license_family: MIT
  size: 137627
  timestamp: 1710362144873
- kind: conda
  name: filelock
  version: 3.14.0
  build: pyhd8ed1ab_0
  subdir: noarch
  noarch: python
  url: https://conda.anaconda.org/conda-forge/noarch/filelock-3.14.0-pyhd8ed1ab_0.conda
  sha256: 6031be667e1b0cc0dee713f1cbca887cdee4daafa8bac478da33096f3147d38b
  md5: 831d85ae0acfba31b8efd0f0d07da736
  depends:
  - python >=3.7
  license: Unlicense
  purls:
  - pkg:pypi/filelock
  size: 15902
  timestamp: 1714422911808
- kind: conda
  name: idna
  version: '3.7'
  build: pyhd8ed1ab_0
  subdir: noarch
  noarch: python
  url: https://conda.anaconda.org/conda-forge/noarch/idna-3.7-pyhd8ed1ab_0.conda
  sha256: 9687ee909ed46169395d4f99a0ee94b80a52f87bed69cd454bb6d37ffeb0ec7b
  md5: c0cc1420498b17414d8617d0b9f506ca
  depends:
  - python >=3.6
  license: BSD-3-Clause
  license_family: BSD
  purls:
  - pkg:pypi/idna
  size: 52718
  timestamp: 1713279497047
- kind: conda
  name: importlib-metadata
  version: 7.1.0
  build: pyha770c72_0
  subdir: noarch
  noarch: python
  url: https://conda.anaconda.org/conda-forge/noarch/importlib-metadata-7.1.0-pyha770c72_0.conda
  sha256: cc2e7d1f7f01cede30feafc1118b7aefa244d0a12224513734e24165ae12ba49
  md5: 0896606848b2dc5cebdf111b6543aa04
  depends:
  - python >=3.8
  - zipp >=0.5
  license: Apache-2.0
  license_family: APACHE
  purls:
  - pkg:pypi/importlib-metadata
  size: 27043
  timestamp: 1710971498183
- kind: conda
  name: jaraco.classes
  version: 3.4.0
  build: pyhd8ed1ab_1
  build_number: 1
  subdir: noarch
  noarch: python
  url: https://conda.anaconda.org/conda-forge/noarch/jaraco.classes-3.4.0-pyhd8ed1ab_1.conda
  sha256: 538b1c6df537a36c63fd0ed83cb1c1c25b07d8d3b5e401991fdaff261a4b5b4d
  md5: 7b756504d362cbad9b73a50a5455cafd
  depends:
  - more-itertools
  - python >=3.8
  license: MIT
  license_family: MIT
  purls:
  - pkg:pypi/jaraco-classes
  size: 12223
  timestamp: 1713939433204
- kind: conda
  name: jeepney
  version: 0.8.0
  build: pyhd8ed1ab_0
  subdir: noarch
  noarch: python
  url: https://conda.anaconda.org/conda-forge/noarch/jeepney-0.8.0-pyhd8ed1ab_0.tar.bz2
  sha256: 16639759b811866d63315fe1391f6fb45f5478b823972f4d3d9f0392b7dd80b8
  md5: 9800ad1699b42612478755a2d26c722d
  depends:
  - python >=3.7
  license: MIT
  license_family: MIT
  purls:
  - pkg:pypi/jeepney
  size: 36895
  timestamp: 1649085298891
- kind: conda
  name: keyring
  version: 24.3.1
  build: py312h7900ff3_0
  subdir: linux-64
  url: https://conda.anaconda.org/conda-forge/linux-64/keyring-24.3.1-py312h7900ff3_0.conda
  sha256: 23d00575adf8a0974e5e1e5f0859a31e6bfa4178d2ef9f8e0c8c3e405e73c021
  md5: 7548ce5655764c5fdd98d98a677e68bf
  depends:
  - jaraco.classes
  - jeepney >=0.4.2
  - python >=3.12,<3.13.0a0
  - python_abi 3.12.* *_cp312
  - secretstorage >=3.2
  license: MIT
  license_family: MIT
  purls:
  - pkg:pypi/keyring
  size: 76250
  timestamp: 1709129804895
- kind: conda
  name: ld_impl_linux-64
  version: '2.40'
  build: h55db66e_0
  subdir: linux-64
  url: https://conda.anaconda.org/conda-forge/linux-64/ld_impl_linux-64-2.40-h55db66e_0.conda
  sha256: ef969eee228cfb71e55146eaecc6af065f468cb0bc0a5239bc053b39db0b5f09
  md5: 10569984e7db886e4f1abc2b47ad79a1
  constrains:
  - binutils_impl_linux-64 2.40
  license: GPL-3.0-only
  license_family: GPL
  size: 713322
  timestamp: 1713651222435
- kind: conda
  name: libblas
  version: 3.9.0
  build: 22_linux64_openblas
  build_number: 22
  subdir: linux-64
  url: https://conda.anaconda.org/conda-forge/linux-64/libblas-3.9.0-22_linux64_openblas.conda
  sha256: 082b8ac20d43a7bbcdc28b3b1cd40e4df3a8b5daf0a2d23d68953a44d2d12c1b
  md5: 1a2a0cd3153464fee6646f3dd6dad9b8
  depends:
  - libopenblas >=0.3.27,<0.3.28.0a0
  - libopenblas >=0.3.27,<1.0a0
  constrains:
  - libcblas 3.9.0 22_linux64_openblas
  - blas * openblas
  - liblapacke 3.9.0 22_linux64_openblas
  - liblapack 3.9.0 22_linux64_openblas
  license: BSD-3-Clause
  license_family: BSD
  size: 14537
  timestamp: 1712542250081
- kind: conda
  name: libcblas
  version: 3.9.0
  build: 22_linux64_openblas
  build_number: 22
  subdir: linux-64
  url: https://conda.anaconda.org/conda-forge/linux-64/libcblas-3.9.0-22_linux64_openblas.conda
  sha256: da1b2faa017663c8f5555c1c5518e96ac4cd8e0be2a673c1c9e2cb8507c8fe46
  md5: 4b31699e0ec5de64d5896e580389c9a1
  depends:
  - libblas 3.9.0 22_linux64_openblas
  constrains:
  - liblapack 3.9.0 22_linux64_openblas
  - blas * openblas
  - liblapacke 3.9.0 22_linux64_openblas
  license: BSD-3-Clause
  license_family: BSD
  size: 14438
  timestamp: 1712542270166
- kind: conda
  name: libexpat
  version: 2.6.2
  build: h59595ed_0
  subdir: linux-64
  url: https://conda.anaconda.org/conda-forge/linux-64/libexpat-2.6.2-h59595ed_0.conda
  sha256: 331bb7c7c05025343ebd79f86ae612b9e1e74d2687b8f3179faec234f986ce19
  md5: e7ba12deb7020dd080c6c70e7b6f6a3d
  depends:
  - libgcc-ng >=12
  constrains:
  - expat 2.6.2.*
  license: MIT
  license_family: MIT
  size: 73730
  timestamp: 1710362120304
- kind: conda
  name: libffi
  version: 3.4.2
  build: h7f98852_5
  build_number: 5
  subdir: linux-64
  url: https://conda.anaconda.org/conda-forge/linux-64/libffi-3.4.2-h7f98852_5.tar.bz2
  sha256: ab6e9856c21709b7b517e940ae7028ae0737546122f83c2aa5d692860c3b149e
  md5: d645c6d2ac96843a2bfaccd2d62b3ac3
  depends:
  - libgcc-ng >=9.4.0
  license: MIT
  license_family: MIT
  size: 58292
  timestamp: 1636488182923
- kind: conda
  name: libgcc-ng
  version: 13.2.0
  build: h77fa898_6
  build_number: 6
  subdir: linux-64
  url: https://conda.anaconda.org/conda-forge/linux-64/libgcc-ng-13.2.0-h77fa898_6.conda
  sha256: 8bd6311a05f02459eb3efafe948f21e58170ccfcce4350a86de35d7573256bb2
  md5: 4398809ac84d0b8c28beebaaa83277f5
  depends:
  - _libgcc_mutex 0.1 conda_forge
  - _openmp_mutex >=4.5
  constrains:
  - libgomp 13.2.0 h77fa898_6
  license: GPL-3.0-only WITH GCC-exception-3.1
  size: 777610
  timestamp: 1714581763008
- kind: conda
  name: libgfortran-ng
  version: 13.2.0
  build: h69a702a_6
  build_number: 6
  subdir: linux-64
  url: https://conda.anaconda.org/conda-forge/linux-64/libgfortran-ng-13.2.0-h69a702a_6.conda
  sha256: 5e436753c55d81005e9383d7a8ec14298ebd35029d148db7e03c4834ffca54ee
  md5: 3666a850342f8f3be88f9a93d948d027
  depends:
  - libgfortran5 13.2.0 h43f5ff8_6
  license: GPL-3.0-only WITH GCC-exception-3.1
  license_family: GPL
  size: 24183
  timestamp: 1713755271389
- kind: conda
  name: libgfortran5
  version: 13.2.0
  build: h43f5ff8_6
  build_number: 6
  subdir: linux-64
  url: https://conda.anaconda.org/conda-forge/linux-64/libgfortran5-13.2.0-h43f5ff8_6.conda
  sha256: 5da2abd9e2c09ec8566fbacb237926b532f6629871ff2733c90a0be77b77679e
  md5: e54a5ddc67e673f9105cf2a2e9c070b0
  depends:
  - libgcc-ng >=13.2.0
  constrains:
  - libgfortran-ng 13.2.0
  license: GPL-3.0-only WITH GCC-exception-3.1
  license_family: GPL
  size: 1442624
  timestamp: 1713755021286
- kind: conda
  name: libglib
  version: 2.80.0
  build: hf2295e7_6
  build_number: 6
  subdir: linux-64
  url: https://conda.anaconda.org/conda-forge/linux-64/libglib-2.80.0-hf2295e7_6.conda
  sha256: d2867a1515676f3b64265420598badb2e4ad2369d85237fb276173a99959eb37
  md5: 9342e7c44c38bea649490f72d92c382d
  depends:
  - libffi >=3.4,<4.0a0
  - libgcc-ng >=12
  - libiconv >=1.17,<2.0a0
  - libzlib >=1.2.13,<1.3.0a0
  - pcre2 >=10.43,<10.44.0a0
  constrains:
  - glib 2.80.0 *_6
  license: LGPL-2.1-or-later
  size: 3942450
  timestamp: 1713639388280
- kind: conda
  name: libgomp
  version: 13.2.0
  build: h77fa898_6
  build_number: 6
  subdir: linux-64
  url: https://conda.anaconda.org/conda-forge/linux-64/libgomp-13.2.0-h77fa898_6.conda
  sha256: b059ec2403a421c71c33633ece6be2ccd303e376aae6079f8cfda96d42616527
  md5: e733e0573651a1f0639fa8ce066a286e
  depends:
  - _libgcc_mutex 0.1 conda_forge
  license: GPL-3.0-only WITH GCC-exception-3.1
  size: 420177
  timestamp: 1714581699319
- kind: conda
  name: libiconv
  version: '1.17'
  build: hd590300_2
  build_number: 2
  subdir: linux-64
  url: https://conda.anaconda.org/conda-forge/linux-64/libiconv-1.17-hd590300_2.conda
  sha256: 8ac2f6a9f186e76539439e50505d98581472fedb347a20e7d1f36429849f05c9
  md5: d66573916ffcf376178462f1b61c941e
  depends:
  - libgcc-ng >=12
  license: LGPL-2.1-only
  size: 705775
  timestamp: 1702682170569
- kind: conda
  name: liblapack
  version: 3.9.0
  build: 22_linux64_openblas
  build_number: 22
  subdir: linux-64
  url: https://conda.anaconda.org/conda-forge/linux-64/liblapack-3.9.0-22_linux64_openblas.conda
  sha256: db246341d42f9100d45adeb1a7ba8b1ef5b51ceb9056fd643e98046a3259fde6
  md5: b083767b6c877e24ee597d93b87ab838
  depends:
  - libblas 3.9.0 22_linux64_openblas
  constrains:
  - libcblas 3.9.0 22_linux64_openblas
  - blas * openblas
  - liblapacke 3.9.0 22_linux64_openblas
  license: BSD-3-Clause
  license_family: BSD
  size: 14471
  timestamp: 1712542277696
- kind: conda
  name: libnsl
  version: 2.0.1
  build: hd590300_0
  subdir: linux-64
  url: https://conda.anaconda.org/conda-forge/linux-64/libnsl-2.0.1-hd590300_0.conda
  sha256: 26d77a3bb4dceeedc2a41bd688564fe71bf2d149fdcf117049970bc02ff1add6
  md5: 30fd6e37fe21f86f4bd26d6ee73eeec7
  depends:
  - libgcc-ng >=12
  license: LGPL-2.1-only
  license_family: GPL
  size: 33408
  timestamp: 1697359010159
- kind: conda
  name: libopenblas
  version: 0.3.27
  build: pthreads_h413a1c8_0
  subdir: linux-64
  url: https://conda.anaconda.org/conda-forge/linux-64/libopenblas-0.3.27-pthreads_h413a1c8_0.conda
  sha256: 2ae7559aed0705deb3f716c7b247c74fd1b5e35b64e39834ce8b95f7564d4a3e
  md5: a356024784da6dfd4683dc5ecf45b155
  depends:
  - libgcc-ng >=12
  - libgfortran-ng
  - libgfortran5 >=12.3.0
  constrains:
  - openblas >=0.3.27,<0.3.28.0a0
  license: BSD-3-Clause
  license_family: BSD
  size: 5598747
  timestamp: 1712364444346
- kind: conda
  name: libsqlite
  version: 3.45.3
  build: h2797004_0
  subdir: linux-64
  url: https://conda.anaconda.org/conda-forge/linux-64/libsqlite-3.45.3-h2797004_0.conda
  sha256: e2273d6860eadcf714a759ffb6dc24a69cfd01f2a0ea9d6c20f86049b9334e0c
  md5: b3316cbe90249da4f8e84cd66e1cc55b
  depends:
  - libgcc-ng >=12
  - libzlib >=1.2.13,<1.3.0a0
  license: Unlicense
  size: 859858
  timestamp: 1713367435849
- kind: conda
  name: libstdcxx-ng
  version: 13.2.0
  build: hc0a3c3a_6
  build_number: 6
  subdir: linux-64
  url: https://conda.anaconda.org/conda-forge/linux-64/libstdcxx-ng-13.2.0-hc0a3c3a_6.conda
  sha256: 547903d5ffecf49543c6ca9f6e504f0a8a47920b0517395cf529b4a955f1c3d4
  md5: 2f18345bbc433c8a1ed887d7161e86a6
  license: GPL-3.0-only WITH GCC-exception-3.1
  size: 3844194
  timestamp: 1714581807420
- kind: conda
  name: libuuid
  version: 2.38.1
  build: h0b41bf4_0
  subdir: linux-64
  url: https://conda.anaconda.org/conda-forge/linux-64/libuuid-2.38.1-h0b41bf4_0.conda
  sha256: 787eb542f055a2b3de553614b25f09eefb0a0931b0c87dbcce6efdfd92f04f18
  md5: 40b61aab5c7ba9ff276c41cfffe6b80b
  depends:
  - libgcc-ng >=12
  license: BSD-3-Clause
  license_family: BSD
  size: 33601
  timestamp: 1680112270483
- kind: conda
  name: libxcrypt
  version: 4.4.36
  build: hd590300_1
  build_number: 1
  subdir: linux-64
  url: https://conda.anaconda.org/conda-forge/linux-64/libxcrypt-4.4.36-hd590300_1.conda
  sha256: 6ae68e0b86423ef188196fff6207ed0c8195dd84273cb5623b85aa08033a410c
  md5: 5aa797f8787fe7a17d1b0821485b5adc
  depends:
  - libgcc-ng >=12
  license: LGPL-2.1-or-later
  size: 100393
  timestamp: 1702724383534
- kind: conda
  name: libzlib
  version: 1.2.13
  build: hd590300_5
  build_number: 5
  subdir: linux-64
  url: https://conda.anaconda.org/conda-forge/linux-64/libzlib-1.2.13-hd590300_5.conda
  sha256: 370c7c5893b737596fd6ca0d9190c9715d89d888b8c88537ae1ef168c25e82e4
  md5: f36c115f1ee199da648e0597ec2047ad
  depends:
  - libgcc-ng >=12
  constrains:
  - zlib 1.2.13 *_5
  license: Zlib
  license_family: Other
  size: 61588
  timestamp: 1686575217516
- kind: conda
  name: more-itertools
  version: 10.2.0
  build: pyhd8ed1ab_0
  subdir: noarch
  noarch: python
  url: https://conda.anaconda.org/conda-forge/noarch/more-itertools-10.2.0-pyhd8ed1ab_0.conda
  sha256: 9e49e9484ff279453f0b55323a3f0c7cb97440c74f69eecda1f4ad29fae5cd3c
  md5: d5c98e9706fdc5328d49a9bf2ce5fb42
  depends:
  - python >=3.8
  license: MIT
  license_family: MIT
  purls:
  - pkg:pypi/more-itertools
  size: 54469
  timestamp: 1704738585811
- kind: conda
  name: msgpack-python
  version: 1.0.7
  build: py312h8572e83_0
  subdir: linux-64
  url: https://conda.anaconda.org/conda-forge/linux-64/msgpack-python-1.0.7-py312h8572e83_0.conda
  sha256: 7657237f2a4d73f48e8c63be9a30f7daf1043398adba8d950122ee70d091e265
  md5: 1ae83e30fae86320e888cb4b1f2d3b47
  depends:
  - libgcc-ng >=12
  - libstdcxx-ng >=12
  - python >=3.12,<3.13.0a0
  - python_abi 3.12.* *_cp312
  license: Apache-2.0
  license_family: Apache
  purls:
  - pkg:pypi/msgpack
  size: 203845
  timestamp: 1700926660395
- kind: conda
  name: ncurses
  version: 6.4.20240210
  build: h59595ed_0
  subdir: linux-64
  url: https://conda.anaconda.org/conda-forge/linux-64/ncurses-6.4.20240210-h59595ed_0.conda
  sha256: aa0f005b6727aac6507317ed490f0904430584fa8ca722657e7f0fb94741de81
  md5: 97da8860a0da5413c7c98a3b3838a645
  depends:
  - libgcc-ng >=12
  license: X11 AND BSD-3-Clause
  size: 895669
  timestamp: 1710866638986
- kind: conda
  name: numpy
  version: 1.26.4
  build: py312heda63a1_0
  subdir: linux-64
  url: https://conda.anaconda.org/conda-forge/linux-64/numpy-1.26.4-py312heda63a1_0.conda
  sha256: fe3459c75cf84dcef6ef14efcc4adb0ade66038ddd27cadb894f34f4797687d8
  md5: d8285bea2a350f63fab23bf460221f3f
  depends:
  - libblas >=3.9.0,<4.0a0
  - libcblas >=3.9.0,<4.0a0
  - libgcc-ng >=12
  - liblapack >=3.9.0,<4.0a0
  - libstdcxx-ng >=12
  - python >=3.12,<3.13.0a0
  - python_abi 3.12.* *_cp312
  constrains:
  - numpy-base <0a0
  license: BSD-3-Clause
  license_family: BSD
  purls:
  - pkg:pypi/numpy
  size: 7484186
  timestamp: 1707225809722
- kind: conda
  name: openssl
  version: 3.3.0
  build: hd590300_0
  subdir: linux-64
  url: https://conda.anaconda.org/conda-forge/linux-64/openssl-3.3.0-hd590300_0.conda
  sha256: fdbf05e4db88c592366c90bb82e446edbe33c6e49e5130d51c580b2629c0b5d5
  md5: c0f3abb4a16477208bbd43a39bd56f18
  depends:
  - ca-certificates
  - libgcc-ng >=12
  constrains:
  - pyopenssl >=22.1
  license: Apache-2.0
  license_family: Apache
  size: 2895187
  timestamp: 1714466138265
- kind: conda
  name: packaging
  version: '24.0'
  build: pyhd8ed1ab_0
  subdir: noarch
  noarch: python
  url: https://conda.anaconda.org/conda-forge/noarch/packaging-24.0-pyhd8ed1ab_0.conda
  sha256: a390182d74c31dfd713c16db888c92c277feeb6d1fe96ff9d9c105f9564be48a
  md5: 248f521b64ce055e7feae3105e7abeb8
  depends:
  - python >=3.8
  license: Apache-2.0
  license_family: APACHE
  purls:
  - pkg:pypi/packaging
  size: 49832
  timestamp: 1710076089469
- kind: pypi
  name: parameteriser
  version: 0.1.0
  path: .
  sha256: 2fac54b88f1f63d9365d9cbc1f06e295fa51239fcdc874cce5a5faa81eec8714
  editable: true
- kind: conda
  name: pcre2
  version: '10.43'
  build: hcad00b1_0
  subdir: linux-64
  url: https://conda.anaconda.org/conda-forge/linux-64/pcre2-10.43-hcad00b1_0.conda
  sha256: 766dd986a7ed6197676c14699000bba2625fd26c8a890fcb7a810e5cf56155bc
  md5: 8292dea9e022d9610a11fce5e0896ed8
  depends:
  - bzip2 >=1.0.8,<2.0a0
  - libgcc-ng >=12
  - libzlib >=1.2.13,<1.3.0a0
  license: BSD-3-Clause
  license_family: BSD
  size: 950847
  timestamp: 1708118050286
- kind: conda
  name: pexpect
  version: 4.9.0
  build: pyhd8ed1ab_0
  subdir: noarch
  noarch: python
  url: https://conda.anaconda.org/conda-forge/noarch/pexpect-4.9.0-pyhd8ed1ab_0.conda
  sha256: 90a09d134a4a43911b716d4d6eb9d169238aff2349056f7323d9db613812667e
  md5: 629f3203c99b32e0988910c93e77f3b6
  depends:
  - ptyprocess >=0.5
  - python >=3.7
  license: ISC
  purls:
  - pkg:pypi/pexpect
  size: 53600
  timestamp: 1706113273252
- kind: conda
  name: pkginfo
  version: 1.10.0
  build: pyhd8ed1ab_0
  subdir: noarch
  noarch: python
  url: https://conda.anaconda.org/conda-forge/noarch/pkginfo-1.10.0-pyhd8ed1ab_0.conda
  sha256: 3e833f907039646e34d23203cd5c9cc487a451d955d8c8d6581e18a8ccef4cee
  md5: 8c6a4a704308f5d91f3a974a72db1096
  depends:
  - python >=3.7
  license: MIT
  license_family: MIT
  purls:
  - pkg:pypi/pkginfo
  size: 28142
  timestamp: 1709561205511
- kind: conda
  name: platformdirs
  version: 4.2.1
  build: pyhd8ed1ab_0
  subdir: noarch
  noarch: python
  url: https://conda.anaconda.org/conda-forge/noarch/platformdirs-4.2.1-pyhd8ed1ab_0.conda
  sha256: 5718fef2954f016834058ae1d359e407ff8e2e847b35ab43d5d91bcf22d5578d
  md5: d478a8a3044cdff1aa6e62f9269cefe0
  depends:
  - python >=3.8
  license: MIT
  license_family: MIT
  purls:
  - pkg:pypi/platformdirs
  size: 20248
  timestamp: 1713912912262
- kind: conda
  name: poetry
  version: 1.8.2
  build: linux_pyha804496_0
  subdir: noarch
  noarch: python
  url: https://conda.anaconda.org/conda-forge/noarch/poetry-1.8.2-linux_pyha804496_0.conda
  sha256: 6012430d2dc1af9ed821496f05b81bf4ca679eba74c91faf9d16711e86b04c01
  md5: 7ced2e0d172efd9b108b1fed18e4bea6
  depends:
  - __linux
  - cachecontrol >=0.14.0,<0.15.0
  - cachecontrol-with-filecache
  - cleo >=2.1.0,<3.0.0
  - crashtest >=0.4.1,<0.5.0
  - dulwich >=0.21.2,<0.22.0
  - importlib-metadata >=4.4
  - keyring >=24.0.0,<25.0.0
  - packaging >=23.1
  - pexpect >=4.7.0,<5.0.0
  - pkginfo >=1.9.4,<2.0.0
  - platformdirs >=3.0.0,<5
  - poetry-core 1.9.0.*
  - poetry-plugin-export >=1.6.0,<2.0.0
  - pyproject_hooks >=1.0.0,<2.0.0
  - python >=3.8,<4.0
  - python-build >=1.0.3,<2.0.0
  - python-fastjsonschema >=2.18.0,<3.0.0
  - python-installer >=0.7.0,<0.8.0
  - requests >=2.26.0,<3.0.0
  - requests-toolbelt >=1.0.0,<2.0.0
  - shellingham >=1.5.0,<2.0.0
  - tomli >=2.0.1,<3.0.0
  - tomlkit >=0.11.4,<1.0.0
  - trove-classifiers >=2022.5.19
  - virtualenv >=20.23.0,<21.0.0
  license: MIT
  license_family: MIT
  purls:
  - pkg:pypi/poetry
  size: 166902
  timestamp: 1709481778025
- kind: conda
  name: poetry-core
  version: 1.9.0
  build: pyhd8ed1ab_0
  subdir: noarch
  noarch: python
  url: https://conda.anaconda.org/conda-forge/noarch/poetry-core-1.9.0-pyhd8ed1ab_0.conda
  sha256: eb1a1351bda0157257c3cf6074e7203812736319e664b6bbe78befc863b2d542
  md5: f9f26b837a81a128648353803950929e
  depends:
  - python >=3.8.0,<4.0.0
  license: MIT
  license_family: MIT
  purls:
  - pkg:pypi/poetry-core
  size: 226948
  timestamp: 1706890489827
- kind: conda
  name: poetry-plugin-export
  version: 1.7.1
  build: pyhd8ed1ab_1
  build_number: 1
  subdir: noarch
  noarch: python
  url: https://conda.anaconda.org/conda-forge/noarch/poetry-plugin-export-1.7.1-pyhd8ed1ab_1.conda
  sha256: e6a7310c373300e550b9740a1b9175094b3eaa6aab3b582df2dbe77e50cc0789
  md5: 5016fd38e183e8f98141fee19449fae9
  depends:
  - poetry >=1.8.0,<2.0.0
  - poetry-core >=1.7.0,<2.0.0
  - python >=3.8.0,<4.0.0
  license: MIT
  license_family: MIT
  purls:
  - pkg:pypi/poetry-plugin-export
  size: 16157
  timestamp: 1713267362262
- kind: conda
  name: ptyprocess
  version: 0.7.0
  build: pyhd3deb0d_0
  subdir: noarch
  noarch: python
  url: https://conda.anaconda.org/conda-forge/noarch/ptyprocess-0.7.0-pyhd3deb0d_0.tar.bz2
  sha256: fb31e006a25eb2e18f3440eb8d17be44c8ccfae559499199f73584566d0a444a
  md5: 359eeb6536da0e687af562ed265ec263
  depends:
  - python
  license: ISC
  purls:
  - pkg:pypi/ptyprocess
  size: 16546
  timestamp: 1609419417991
- kind: conda
  name: pycparser
  version: '2.22'
  build: pyhd8ed1ab_0
  subdir: noarch
  noarch: python
  url: https://conda.anaconda.org/conda-forge/noarch/pycparser-2.22-pyhd8ed1ab_0.conda
  sha256: 406001ebf017688b1a1554b49127ca3a4ac4626ec0fd51dc75ffa4415b720b64
  md5: 844d9eb3b43095b031874477f7d70088
  depends:
  - python >=3.8
  license: BSD-3-Clause
  license_family: BSD
  purls:
  - pkg:pypi/pycparser
  size: 105098
  timestamp: 1711811634025
- kind: conda
  name: pyproject_hooks
  version: 1.1.0
  build: pyhd8ed1ab_0
  subdir: noarch
  noarch: python
  url: https://conda.anaconda.org/conda-forge/noarch/pyproject_hooks-1.1.0-pyhd8ed1ab_0.conda
  sha256: 7431bd1c1273facccae3875218dff1faae5a717a0605326fc0370ea8f780ba40
  md5: 03736d8ced74deece64e54be348ddd3e
  depends:
  - python >=3.7
  - tomli >=1.1.0
  license: MIT
  license_family: MIT
  purls:
  - pkg:pypi/pyproject-hooks
  size: 15301
  timestamp: 1714415314463
- kind: conda
  name: pysocks
  version: 1.7.1
  build: pyha2e5f31_6
  build_number: 6
  subdir: noarch
  noarch: python
  url: https://conda.anaconda.org/conda-forge/noarch/pysocks-1.7.1-pyha2e5f31_6.tar.bz2
  sha256: a42f826e958a8d22e65b3394f437af7332610e43ee313393d1cf143f0a2d274b
  md5: 2a7de29fb590ca14b5243c4c812c8025
  depends:
  - __unix
  - python >=3.8
  license: BSD-3-Clause
  license_family: BSD
  purls:
  - pkg:pypi/pysocks
  size: 18981
  timestamp: 1661604969727
- kind: conda
  name: python
  version: 3.12.3
  build: hab00c5b_0_cpython
  subdir: linux-64
  url: https://conda.anaconda.org/conda-forge/linux-64/python-3.12.3-hab00c5b_0_cpython.conda
  sha256: f9865bcbff69f15fd89a33a2da12ad616e98d65ce7c83c644b92e66e5016b227
  md5: 2540b74d304f71d3e89c81209db4db84
  depends:
  - bzip2 >=1.0.8,<2.0a0
  - ld_impl_linux-64 >=2.36.1
  - libexpat >=2.6.2,<3.0a0
  - libffi >=3.4,<4.0a0
  - libgcc-ng >=12
  - libnsl >=2.0.1,<2.1.0a0
  - libsqlite >=3.45.2,<4.0a0
  - libuuid >=2.38.1,<3.0a0
  - libxcrypt >=4.4.36
  - libzlib >=1.2.13,<1.3.0a0
  - ncurses >=6.4.20240210,<7.0a0
  - openssl >=3.2.1,<4.0a0
  - readline >=8.2,<9.0a0
  - tk >=8.6.13,<8.7.0a0
  - tzdata
  - xz >=5.2.6,<6.0a0
  constrains:
  - python_abi 3.12.* *_cp312
  license: Python-2.0
  size: 31991381
  timestamp: 1713208036041
- kind: conda
  name: python-build
  version: 1.2.1
  build: pyhd8ed1ab_0
  subdir: noarch
  noarch: python
  url: https://conda.anaconda.org/conda-forge/noarch/python-build-1.2.1-pyhd8ed1ab_0.conda
  sha256: 3104051be7279d1b15f0a4be79f4bfeaf3a42b2900d24a7ad8e980df903fe8db
  md5: d657cde3b3943fcedf6038138eea84de
  depends:
  - colorama
  - importlib-metadata >=4.6
  - packaging >=19.0
  - pyproject_hooks
  - python >=3.8
  - tomli >=1.1.0
  constrains:
  - build <0
  license: MIT
  license_family: MIT
  purls:
  - pkg:pypi/build
  size: 24434
  timestamp: 1711647439510
- kind: conda
  name: python-fastjsonschema
  version: 2.19.1
  build: pyhd8ed1ab_0
  subdir: noarch
  noarch: python
  url: https://conda.anaconda.org/conda-forge/noarch/python-fastjsonschema-2.19.1-pyhd8ed1ab_0.conda
  sha256: 38b2db169d65cc5595e3ce63294c4fdb6a242ecf71f70b3ad8cad3bd4230d82f
  md5: 4d3ceee3af4b0f9a1f48f57176bf8625
  depends:
  - python >=3.3
  license: BSD-3-Clause
  license_family: BSD
  purls:
  - pkg:pypi/fastjsonschema
  size: 225250
  timestamp: 1703781171097
- kind: conda
  name: python-installer
  version: 0.7.0
  build: pyhd8ed1ab_0
  subdir: noarch
  noarch: python
  url: https://conda.anaconda.org/conda-forge/noarch/python-installer-0.7.0-pyhd8ed1ab_0.conda
  sha256: 822f95b7786cfa61a6519153117b21d93194890e02a884b9f66ee4275e4f1c0a
  md5: 65dea78f903d686c8b0c2feaf0e15e1f
  depends:
  - python >=3.7
  license: MIT
  license_family: MIT
  purls:
  - pkg:pypi/installer
  size: 233285
  timestamp: 1679300488457
- kind: conda
  name: python_abi
  version: '3.12'
  build: 4_cp312
  build_number: 4
  subdir: linux-64
  url: https://conda.anaconda.org/conda-forge/linux-64/python_abi-3.12-4_cp312.conda
  sha256: 182a329de10a4165f6e8a3804caf751f918f6ea6176dd4e5abcdae1ed3095bf6
  md5: dccc2d142812964fcc6abdc97b672dff
  constrains:
  - python 3.12.* *_cpython
  license: BSD-3-Clause
  license_family: BSD
  size: 6385
  timestamp: 1695147396604
- kind: conda
  name: rapidfuzz
  version: 3.9.0
  build: py312h7070661_0
  subdir: linux-64
  url: https://conda.anaconda.org/conda-forge/linux-64/rapidfuzz-3.9.0-py312h7070661_0.conda
  sha256: 2381c4a218ce0eab3343161837d658b539866de42f173d5f6f5b768a4fd6063b
  md5: 78c5c881123e07966f74e7874071a767
  depends:
  - libgcc-ng >=12
  - libstdcxx-ng >=12
  - numpy
  - python >=3.12,<3.13.0a0
  - python_abi 3.12.* *_cp312
  license: MIT
  license_family: MIT
  purls:
  - pkg:pypi/rapidfuzz
  size: 2256973
  timestamp: 1714710287565
- kind: conda
  name: readline
  version: '8.2'
  build: h8228510_1
  build_number: 1
  subdir: linux-64
  url: https://conda.anaconda.org/conda-forge/linux-64/readline-8.2-h8228510_1.conda
  sha256: 5435cf39d039387fbdc977b0a762357ea909a7694d9528ab40f005e9208744d7
  md5: 47d31b792659ce70f470b5c82fdfb7a4
  depends:
  - libgcc-ng >=12
  - ncurses >=6.3,<7.0a0
  license: GPL-3.0-only
  license_family: GPL
  size: 281456
  timestamp: 1679532220005
- kind: conda
  name: requests
  version: 2.31.0
  build: pyhd8ed1ab_0
  subdir: noarch
  noarch: python
  url: https://conda.anaconda.org/conda-forge/noarch/requests-2.31.0-pyhd8ed1ab_0.conda
  sha256: 9f629d6fd3c8ac5f2a198639fe7af87c4db2ac9235279164bfe0fcb49d8c4bad
  md5: a30144e4156cdbb236f99ebb49828f8b
  depends:
  - certifi >=2017.4.17
  - charset-normalizer >=2,<4
  - idna >=2.5,<4
  - python >=3.7
  - urllib3 >=1.21.1,<3
  constrains:
  - chardet >=3.0.2,<6
  license: Apache-2.0
  license_family: APACHE
  purls:
  - pkg:pypi/requests
  size: 56690
  timestamp: 1684774408600
- kind: conda
  name: requests-toolbelt
  version: 1.0.0
  build: pyhd8ed1ab_0
  subdir: noarch
  noarch: python
  url: https://conda.anaconda.org/conda-forge/noarch/requests-toolbelt-1.0.0-pyhd8ed1ab_0.conda
  sha256: 20eaefc5dba74ff6c31e537533dde59b5b20f69e74df49dff19d43be59785fa3
  md5: 99c98318c8646b08cc764f90ce98906e
  depends:
  - python >=3.6
  - requests >=2.0.1,<3.0.0
  license: Apache-2.0
  license_family: APACHE
  purls:
  - pkg:pypi/requests-toolbelt
  size: 43939
  timestamp: 1682953467574
- kind: conda
  name: secretstorage
  version: 3.3.3
  build: py312h7900ff3_2
  build_number: 2
  subdir: linux-64
  url: https://conda.anaconda.org/conda-forge/linux-64/secretstorage-3.3.3-py312h7900ff3_2.conda
  sha256: 0479e3f8c8e90049a6d92d4c7e67916c6d6cdafd11a1a31c54c785cce44aeb20
  md5: 39067833cbb620066d492f8bd6f11dbf
  depends:
  - cryptography
  - dbus
  - jeepney >=0.6
  - python >=3.12.0rc3,<3.13.0a0
  - python_abi 3.12.* *_cp312
  license: BSD-3-Clause
  license_family: BSD
  purls:
  - pkg:pypi/secretstorage
  size: 31766
  timestamp: 1695551875966
- kind: conda
  name: shellingham
  version: 1.5.4
  build: pyhd8ed1ab_0
  subdir: noarch
  noarch: python
  url: https://conda.anaconda.org/conda-forge/noarch/shellingham-1.5.4-pyhd8ed1ab_0.conda
  sha256: 3c49a0a101c41b7cf6ac05a1872d7a1f91f1b6d02eecb4a36b605a19517862bb
  md5: d08db09a552699ee9e7eec56b4eb3899
  depends:
  - python >=3.7
  license: MIT
  license_family: MIT
  purls:
  - pkg:pypi/shellingham
  size: 14568
  timestamp: 1698144516278
- kind: conda
  name: tk
  version: 8.6.13
  build: noxft_h4845f30_101
  build_number: 101
  subdir: linux-64
  url: https://conda.anaconda.org/conda-forge/linux-64/tk-8.6.13-noxft_h4845f30_101.conda
  sha256: e0569c9caa68bf476bead1bed3d79650bb080b532c64a4af7d8ca286c08dea4e
  md5: d453b98d9c83e71da0741bb0ff4d76bc
  depends:
  - libgcc-ng >=12
  - libzlib >=1.2.13,<1.3.0a0
  license: TCL
  license_family: BSD
  size: 3318875
  timestamp: 1699202167581
- kind: conda
  name: tomli
  version: 2.0.1
  build: pyhd8ed1ab_0
  subdir: noarch
  noarch: python
  url: https://conda.anaconda.org/conda-forge/noarch/tomli-2.0.1-pyhd8ed1ab_0.tar.bz2
  sha256: 4cd48aba7cd026d17e86886af48d0d2ebc67ed36f87f6534f4b67138f5a5a58f
  md5: 5844808ffab9ebdb694585b50ba02a96
  depends:
  - python >=3.7
  license: MIT
  license_family: MIT
  purls:
  - pkg:pypi/tomli
  size: 15940
  timestamp: 1644342331069
- kind: conda
  name: tomlkit
  version: 0.12.4
  build: pyha770c72_0
  subdir: noarch
  noarch: python
  url: https://conda.anaconda.org/conda-forge/noarch/tomlkit-0.12.4-pyha770c72_0.conda
  sha256: 8d45c266bf919788abacd9828f4a2101d7216f6d4fc7c8d3417034fe0d795a18
  md5: 37c47ea93ef00dd80d880fc4ba21256a
  depends:
  - python >=3.7
  license: MIT
  license_family: MIT
  purls:
  - pkg:pypi/tomlkit
  size: 37173
  timestamp: 1709043886347
- kind: conda
  name: trove-classifiers
  version: 2024.4.10
  build: pyhd8ed1ab_0
  subdir: noarch
  noarch: python
  url: https://conda.anaconda.org/conda-forge/noarch/trove-classifiers-2024.4.10-pyhd8ed1ab_0.conda
  sha256: cbc8e5c5f82b1eeff7aa21aaff77757336c1e6d64a4255b071c783acd60f4618
  md5: 9622d541e2314c0207bebdc0359fa478
  depends:
  - python >=3.7
  license: Apache-2.0
  license_family: Apache
  purls:
  - pkg:pypi/trove-classifiers
  size: 18444
  timestamp: 1712814840654
- kind: pypi
  name: typing-extensions
  version: 4.11.0
  url: https://files.pythonhosted.org/packages/01/f3/936e209267d6ef7510322191003885de524fc48d1b43269810cd589ceaf5/typing_extensions-4.11.0-py3-none-any.whl
  sha256: c1f94d72897edaf4ce775bb7558d5b79d8126906a14ea5ed1635921406c0387a
  requires_python: '>=3.8'
- kind: conda
  name: tzdata
  version: 2024a
  build: h0c530f3_0
  subdir: noarch
  noarch: generic
  url: https://conda.anaconda.org/conda-forge/noarch/tzdata-2024a-h0c530f3_0.conda
  sha256: 7b2b69c54ec62a243eb6fba2391b5e443421608c3ae5dbff938ad33ca8db5122
  md5: 161081fc7cec0bfda0d86d7cb595f8d8
  license: LicenseRef-Public-Domain
  size: 119815
  timestamp: 1706886945727
- kind: conda
  name: urllib3
  version: 2.2.1
  build: pyhd8ed1ab_0
  subdir: noarch
  noarch: python
  url: https://conda.anaconda.org/conda-forge/noarch/urllib3-2.2.1-pyhd8ed1ab_0.conda
  sha256: d4009dcc9327684d6409706ce17656afbeae690d8522d3c9bc4df57649a352cd
  md5: 08807a87fa7af10754d46f63b368e016
  depends:
  - brotli-python >=1.0.9
  - pysocks >=1.5.6,<2.0,!=1.5.7
  - python >=3.7
  license: MIT
  license_family: MIT
  purls:
  - pkg:pypi/urllib3
  size: 94669
  timestamp: 1708239595549
- kind: conda
  name: virtualenv
  version: 20.26.1
  build: pyhd8ed1ab_0
  subdir: noarch
  noarch: python
  url: https://conda.anaconda.org/conda-forge/noarch/virtualenv-20.26.1-pyhd8ed1ab_0.conda
  sha256: d603f8608f353a7aaa794c00bd3df71aafd5b56bf53af3e9c3dfe135203a4f33
  md5: 4e1cd2faf006a6e62c148f95cef0cac2
  depends:
  - distlib <1,>=0.3.7
  - filelock <4,>=3.12.2
  - platformdirs <5,>=3.9.1
  - python >=3.8
  license: MIT
  license_family: MIT
  purls:
  - pkg:pypi/virtualenv
  size: 3459994
  timestamp: 1714439521015
- kind: conda
  name: xz
  version: 5.2.6
  build: h166bdaf_0
  subdir: linux-64
  url: https://conda.anaconda.org/conda-forge/linux-64/xz-5.2.6-h166bdaf_0.tar.bz2
  sha256: 03a6d28ded42af8a347345f82f3eebdd6807a08526d47899a42d62d319609162
  md5: 2161070d867d1b1204ea749c8eec4ef0
  depends:
  - libgcc-ng >=12
  license: LGPL-2.1 and GPL-2.0
  size: 418368
  timestamp: 1660346797927
- kind: conda
  name: zipp
  version: 3.17.0
  build: pyhd8ed1ab_0
  subdir: noarch
  noarch: python
  url: https://conda.anaconda.org/conda-forge/noarch/zipp-3.17.0-pyhd8ed1ab_0.conda
  sha256: bced1423fdbf77bca0a735187d05d9b9812d2163f60ab426fc10f11f92ecbe26
  md5: 2e4d6bc0b14e10f895fc6791a7d9b26a
  depends:
  - python >=3.8
  license: MIT
  license_family: MIT
  purls:
  - pkg:pypi/zipp
  size: 18954
  timestamp: 1695255262261
